# THIS IS AN AUTOGENERATED FILE. DO NOT EDIT THIS FILE DIRECTLY.
# yarn lockfile v1


"@firebase/app@^0.1.1":
  version "0.1.1"
  resolved "https://registry.yarnpkg.com/@firebase/app/-/app-0.1.1.tgz#26e660bff8b4242860dea57eb934a5f71d2b81c2"
  dependencies:
    "@firebase/util" "^0.1.1"

"@firebase/auth@^0.2.0":
  version "0.2.0"
  resolved "https://registry.yarnpkg.com/@firebase/auth/-/auth-0.2.0.tgz#1d1c264285fba74013bb10a49baa2bb0598dad73"

"@firebase/database@^0.1.2":
  version "0.1.2"
  resolved "https://registry.yarnpkg.com/@firebase/database/-/database-0.1.2.tgz#de7992fdf7c34b9fee603317c6e89f8e62b76bdc"
  dependencies:
    "@firebase/util" "^0.1.1"
    faye-websocket "0.9.3"

"@firebase/firestore@^0.1.2":
  version "0.1.2"
  resolved "https://registry.yarnpkg.com/@firebase/firestore/-/firestore-0.1.2.tgz#ebf53cab0bca8ca4d7caec3aa3f27a3cb7a940b6"
  dependencies:
    "@firebase/webchannel-wrapper" "^0.2.3"

"@firebase/messaging@^0.1.2":
  version "0.1.2"
  resolved "https://registry.yarnpkg.com/@firebase/messaging/-/messaging-0.1.2.tgz#4dfd73abe4fa962ccb015d71e214960559ad271e"
  dependencies:
    "@firebase/util" "^0.1.1"

"@firebase/polyfill@^0.1.1":
  version "0.1.1"
  resolved "https://registry.yarnpkg.com/@firebase/polyfill/-/polyfill-0.1.1.tgz#fd31789b58357f619245aac1f76b982c07398a6f"
  dependencies:
    promise-polyfill "^6.0.2"

"@firebase/storage@^0.1.1":
  version "0.1.1"
  resolved "https://registry.yarnpkg.com/@firebase/storage/-/storage-0.1.1.tgz#5604405d59010f34f90ecc4bbb0b19b7afd05e82"

"@firebase/util@^0.1.1":
  version "0.1.1"
  resolved "https://registry.yarnpkg.com/@firebase/util/-/util-0.1.1.tgz#4faa625ffd6e7c518088758cba08790973f7abf9"

"@firebase/webchannel-wrapper@^0.2.3":
  version "0.2.3"
  resolved "https://registry.yarnpkg.com/@firebase/webchannel-wrapper/-/webchannel-wrapper-0.2.3.tgz#e94f7e772f40e48a2dc52e57d1df38b28bf98e39"

dom-storage@^2.0.2:
  version "2.0.2"
  resolved "https://registry.yarnpkg.com/dom-storage/-/dom-storage-2.0.2.tgz#ed17cbf68abd10e0aef8182713e297c5e4b500b0"

faye-websocket@0.9.3:
  version "0.9.3"
  resolved "https://registry.yarnpkg.com/faye-websocket/-/faye-websocket-0.9.3.tgz#482a505b0df0ae626b969866d3bd740cdb962e83"
  dependencies:
    websocket-driver ">=0.5.1"

firebase@^4.4.0:
  version "4.6.0"
  resolved "https://registry.yarnpkg.com/firebase/-/firebase-4.6.0.tgz#59f68cda7085465b46210f816ffef4e94451d891"
  dependencies:
    "@firebase/app" "^0.1.1"
    "@firebase/auth" "^0.2.0"
    "@firebase/database" "^0.1.2"
    "@firebase/firestore" "^0.1.2"
    "@firebase/messaging" "^0.1.2"
    "@firebase/polyfill" "^0.1.1"
    "@firebase/storage" "^0.1.1"
    dom-storage "^2.0.2"
    xmlhttprequest "^1.8.0"

http-parser-js@>=0.4.0:
  version "0.4.9"
  resolved "https://registry.yarnpkg.com/http-parser-js/-/http-parser-js-0.4.9.tgz#ea1a04fb64adff0242e9974f297dd4c3cad271e1"

promise-polyfill@^6.0.2:
  version "6.0.2"
  resolved "https://registry.yarnpkg.com/promise-polyfill/-/promise-polyfill-6.0.2.tgz#d9c86d3dc4dc2df9016e88946defd69b49b41162"

websocket-driver@>=0.5.1:
  version "0.7.0"
  resolved "https://registry.yarnpkg.com/websocket-driver/-/websocket-driver-0.7.0.tgz#0caf9d2d755d93aee049d4bdd0d3fe2cca2a24eb"
  dependencies:
    http-parser-js ">=0.4.0"
    websocket-extensions ">=0.1.1"

websocket-extensions@>=0.1.1:
  version "0.1.2"
  resolved "https://registry.yarnpkg.com/websocket-extensions/-/websocket-extensions-0.1.2.tgz#0e18781de629a18308ce1481650f67ffa2693a5d"

xmlhttprequest@^1.8.0:
  version "1.8.0"
  resolved "https://registry.yarnpkg.com/xmlhttprequest/-/xmlhttprequest-1.8.0.tgz#67fe075c5c24fef39f9d65f5f7b7fe75171968fc"
